
Microsoft Visual Studio Solution File, Format Version 12.00
# Visual Studio Version 17
VisualStudioVersion = 17.10.35122.118
MinimumVisualStudioVersion = 10.0.40219.1
Project("{FAE04EC0-301F-11D3-BF4B-00C04F79EFBC}") = "deadlyWheels", "deadlyWheels\deadlyWheels.csproj", "{FDDA41FE-C595-432D-AD57-F4F5912F2545}"
EndProject
Global
	GlobalSection(SolutionConfigurationPlatforms) = preSolution
		Debug|Any CPU = Debug|Any CPU
		Release|Any CPU = Release|Any CPU
	EndGlobalSection
	GlobalSection(ProjectConfigurationPlatforms) = postSolution
		{FDDA41FE-C595-432D-AD57-F4F5912F2545}.Debug|Any CPU.ActiveCfg = Debug|Any CPU
		{FDDA41FE-C595-432D-AD57-F4F5912F2545}.Debug|Any CPU.Build.0 = Debug|Any CPU
		{FDDA41FE-C595-432D-AD57-F4F5912F2545}.Release|Any CPU.ActiveCfg = Release|Any CPU
		{FDDA41FE-C595-432D-AD57-F4F5912F2545}.Release|Any CPU.Build.0 = Release|Any CPU
	EndGlobalSection
	GlobalSection(SolutionProperties) = preSolution
		HideSolutionNode = FALSE
	EndGlobalSection
	GlobalSection(ExtensibilityGlobals) = postSolution
		SolutionGuid = {52EE824E-0FDB-4C14-9D13-AEC31AAE2817}
	EndGlobalSection
EndGlobal
